
Microsoft Visual Studio Solution File, Format Version 12.00
# Visual Studio Version 17
VisualStudioVersion = 17.8.34330.188
MinimumVisualStudioVersion = 10.0.40219.1
Project("{FAE04EC0-301F-11D3-BF4B-00C04F79EFBC}") = "FundooNotesApp", "FundooNotesApp\FundooNotesApp.csproj", "{1B670265-3FD6-4295-812A-4D2F8AA13A3F}"
EndProject
Project("{FAE04EC0-301F-11D3-BF4B-00C04F79EFBC}") = "BusinessLayer", "BusinessLayer\BusinessLayer.csproj", "{7A05F027-F705-4641-A26A-BA0A9B752D5F}"
EndProject
Project("{FAE04EC0-301F-11D3-BF4B-00C04F79EFBC}") = "ModelLayer", "ModelLayer\ModelLayer.csproj", "{52841546-3E1C-40FC-AB88-8FBE9595C525}"
EndProject
Project("{FAE04EC0-301F-11D3-BF4B-00C04F79EFBC}") = "RepositoryLayer", "RepositoryLayer\RepositoryLayer.csproj", "{C64A3A6F-BFDD-4404-86A3-4AAF841F84ED}"
EndProject
Global
	GlobalSection(SolutionConfigurationPlatforms) = preSolution
		Debug|Any CPU = Debug|Any CPU
		Release|Any CPU = Release|Any CPU
	EndGlobalSection
	GlobalSection(ProjectConfigurationPlatforms) = postSolution
		{1B670265-3FD6-4295-812A-4D2F8AA13A3F}.Debug|Any CPU.ActiveCfg = Debug|Any CPU
		{1B670265-3FD6-4295-812A-4D2F8AA13A3F}.Debug|Any CPU.Build.0 = Debug|Any CPU
		{1B670265-3FD6-4295-812A-4D2F8AA13A3F}.Release|Any CPU.ActiveCfg = Release|Any CPU
		{1B670265-3FD6-4295-812A-4D2F8AA13A3F}.Release|Any CPU.Build.0 = Release|Any CPU
		{7A05F027-F705-4641-A26A-BA0A9B752D5F}.Debug|Any CPU.ActiveCfg = Debug|Any CPU
		{7A05F027-F705-4641-A26A-BA0A9B752D5F}.Debug|Any CPU.Build.0 = Debug|Any CPU
		{7A05F027-F705-4641-A26A-BA0A9B752D5F}.Release|Any CPU.ActiveCfg = Release|Any CPU
		{7A05F027-F705-4641-A26A-BA0A9B752D5F}.Release|Any CPU.Build.0 = Release|Any CPU
		{52841546-3E1C-40FC-AB88-8FBE9595C525}.Debug|Any CPU.ActiveCfg = Debug|Any CPU
		{52841546-3E1C-40FC-AB88-8FBE9595C525}.Debug|Any CPU.Build.0 = Debug|Any CPU
		{52841546-3E1C-40FC-AB88-8FBE9595C525}.Release|Any CPU.ActiveCfg = Release|Any CPU
		{52841546-3E1C-40FC-AB88-8FBE9595C525}.Release|Any CPU.Build.0 = Release|Any CPU
		{C64A3A6F-BFDD-4404-86A3-4AAF841F84ED}.Debug|Any CPU.ActiveCfg = Debug|Any CPU
		{C64A3A6F-BFDD-4404-86A3-4AAF841F84ED}.Debug|Any CPU.Build.0 = Debug|Any CPU
		{C64A3A6F-BFDD-4404-86A3-4AAF841F84ED}.Release|Any CPU.ActiveCfg = Release|Any CPU
		{C64A3A6F-BFDD-4404-86A3-4AAF841F84ED}.Release|Any CPU.Build.0 = Release|Any CPU
	EndGlobalSection
	GlobalSection(SolutionProperties) = preSolution
		HideSolutionNode = FALSE
	EndGlobalSection
	GlobalSection(ExtensibilityGlobals) = postSolution
		SolutionGuid = {6756BC2C-3CAC-4B30-B2F4-F1E5FDB8DC92}
	EndGlobalSection
EndGlobal
